{
  "originHash" : "f4fb922134ce59c9eb60255004e4896457cb208c7f89e11ebb7f34b9bd23b01f",
  "pins" : [
    {
      "identity" : "combinenetworklayerpackage",
      "kind" : "remoteSourceControl",
      "location" : "https://github.com/abdalazemSaleh/CombineNetworkLayerPackage",
      "state" : {
        "branch" : "main",
        "revision" : "4423d440f21e6fca884160c426bd3bd51d38f10b"
      }
    },
    {
      "identity" : "kingfisher",
      "kind" : "remoteSourceControl",
      "location" : "https://github.com/onevcat/Kingfisher.git",
      "state" : {
        "revision" : "c0940e241945e6378c01fbd45fd3815579d47ef5",
        "version" : "8.1.0"
      }
    }
  ],
  "version" : 3
}
