{
  "originHash" : "8ee453ac184f1a049dc0fbd6cd7c46a261856db556c8daa563c132f11caa3fa7",
  "pins" : [
    {
      "identity" : "combinenetworklayerpackage",
      "kind" : "remoteSourceControl",
      "location" : "https://github.com/abdalazemSaleh/CombineNetworkLayerPackage",
      "state" : {
        "branch" : "main",
        "revision" : "7a0692fd7870433e8304316bbc3caf3df3c82b14"
      }
    },
    {
      "identity" : "kingfisher",
      "kind" : "remoteSourceControl",
      "location" : "https://github.com/onevcat/Kingfisher.git",
      "state" : {
        "revision" : "c0940e241945e6378c01fbd45fd3815579d47ef5",
        "version" : "8.1.0"
      }
    }
  ],
  "version" : 3
}
